// !$*UTF8*$!
{
	archiveVersion = 1;
	classes = {
	};
	objectVersion = 77;
	objects = {

/* Begin PBXBuildFile section */
		48C198023094E3ABECE31FF6 /* LinearLiteApp in Frameworks */ = {isa = PBXBuildFile; productRef = 169D5E058E07A4B329850D20 /* LinearLiteApp */; };
		830F9EB69F245735615F8391 /* LinearLiteHostLifecycleAdapter.swift in Sources */ = {isa = PBXBuildFile; fileRef = B295BDBE2CB9CAF85186F845 /* LinearLiteHostLifecycleAdapter.swift */; };
		EB8558B865B3FD9DD704BBA1 /* LinearLiteHostApp.swift in Sources */ = {isa = PBXBuildFile; fileRef = C9E8F8FA007FF8F441263C46 /* LinearLiteHostApp.swift */; };
/* End PBXBuildFile section */

/* Begin PBXFileReference section */
		4A92B63CF7F07689D63F3221 /* LinearLite */ = {isa = PBXFileReference; lastKnownFileType = folder; name = LinearLite; path = ..; sourceTree = SOURCE_ROOT; };
		868ED0346B3C5AC49DF75F46 /* LinearLiteHost.app */ = {isa = PBXFileReference; includeInIndex = 0; lastKnownFileType = wrapper.application; path = LinearLiteHost.app; sourceTree = BUILT_PRODUCTS_DIR; };
		B295BDBE2CB9CAF85186F845 /* LinearLiteHostLifecycleAdapter.swift */ = {isa = PBXFileReference; lastKnownFileType = sourcecode.swift; path = LinearLiteHostLifecycleAdapter.swift; sourceTree = "<group>"; };
		C9E8F8FA007FF8F441263C46 /* LinearLiteHostApp.swift */ = {isa = PBXFileReference; lastKnownFileType = sourcecode.swift; path = LinearLiteHostApp.swift; sourceTree = "<group>"; };
/* End PBXFileReference section */

/* Begin PBXFrameworksBuildPhase section */
		C89D303A15DF3291E8258A16 /* Frameworks */ = {
			isa = PBXFrameworksBuildPhase;
			buildActionMask = 2147483647;
			files = (
				48C198023094E3ABECE31FF6 /* LinearLiteApp in Frameworks */,
			);
			runOnlyForDeploymentPostprocessing = 0;
		};
/* End PBXFrameworksBuildPhase section */

/* Begin PBXGroup section */
		18394A878101BC83A727189E = {
			isa = PBXGroup;
			children = (
				C9E8F8FA007FF8F441263C46 /* LinearLiteHostApp.swift */,
				B295BDBE2CB9CAF85186F845 /* LinearLiteHostLifecycleAdapter.swift */,
				1E9DD5AE3ABFFCE0C69E2519 /* Packages */,
				3827DF47854DEFB9BE9F6DF6 /* Products */,
			);
			sourceTree = "<group>";
		};
		1E9DD5AE3ABFFCE0C69E2519 /* Packages */ = {
			isa = PBXGroup;
			children = (
				4A92B63CF7F07689D63F3221 /* LinearLite */,
			);
			name = Packages;
			sourceTree = "<group>";
		};
		3827DF47854DEFB9BE9F6DF6 /* Products */ = {
			isa = PBXGroup;
			children = (
				868ED0346B3C5AC49DF75F46 /* LinearLiteHost.app */,
			);
			name = Products;
			sourceTree = "<group>";
		};
/* End PBXGroup section */

/* Begin PBXNativeTarget section */
		4D2521D8E356CE2F32E26868 /* LinearLiteHost */ = {
			isa = PBXNativeTarget;
			buildConfigurationList = 15F0D422CAE55FD00181E4D2 /* Build configuration list for PBXNativeTarget "LinearLiteHost" */;
			buildPhases = (
				885351FCEA0A2E0D1012BAC5 /* Sources */,
				C89D303A15DF3291E8258A16 /* Frameworks */,
			);
			buildRules = (
			);
			dependencies = (
			);
			name = LinearLiteHost;
			packageProductDependencies = (
				169D5E058E07A4B329850D20 /* LinearLiteApp */,
			);
			productName = LinearLiteHost;
			productReference = 868ED0346B3C5AC49DF75F46 /* LinearLiteHost.app */;
			productType = "com.apple.product-type.application";
		};
/* End PBXNativeTarget section */

/* Begin PBXProject section */
		7F06D7E3BA9CDE4DCF583AFB /* Project object */ = {
			isa = PBXProject;
			attributes = {
				BuildIndependentTargetsInParallel = YES;
				LastUpgradeCheck = 1430;
				TargetAttributes = {
				};
			};
			buildConfigurationList = 97FA924D8653C14C8B457FE9 /* Build configuration list for PBXProject "LinearLiteHost" */;
			developmentRegion = en;
			hasScannedForEncodings = 0;
			knownRegions = (
				Base,
				en,
			);
			mainGroup = 18394A878101BC83A727189E;
			minimizedProjectReferenceProxies = 1;
			packageReferences = (
				8E889AC4CF240FCA45DBA957 /* XCLocalSwiftPackageReference ".." */,
			);
			preferredProjectObjectVersion = 77;
			productRefGroup = 3827DF47854DEFB9BE9F6DF6 /* Products */;
			projectDirPath = "";
			projectRoot = "";
			targets = (
				4D2521D8E356CE2F32E26868 /* LinearLiteHost */,
			);
		};
/* End PBXProject section */

/* Begin PBXSourcesBuildPhase section */
		885351FCEA0A2E0D1012BAC5 /* Sources */ = {
			isa = PBXSourcesBuildPhase;
			buildActionMask = 2147483647;
			files = (
				EB8558B865B3FD9DD704BBA1 /* LinearLiteHostApp.swift in Sources */,
				830F9EB69F245735615F8391 /* LinearLiteHostLifecycleAdapter.swift in Sources */,
			);
			runOnlyForDeploymentPostprocessing = 0;
		};
/* End PBXSourcesBuildPhase section */

/* Begin XCBuildConfiguration section */
		24326D45DBC7D7913A510930 /* Debug */ = {
			isa = XCBuildConfiguration;
			buildSettings = {
				ASSETCATALOG_COMPILER_APPICON_NAME = AppIcon;
				CODE_SIGN_IDENTITY = "iPhone Developer";
				INFOPLIST_FILE = Info.plist;
				INFOPLIST_KEY_CFBundleDisplayName = LinearLite;
				INFOPLIST_KEY_LSApplicationCategoryType = "public.app-category.productivity";
				IPHONEOS_DEPLOYMENT_TARGET = 16.0;
				LD_RUNPATH_SEARCH_PATHS = (
					"$(inherited)",
					"@executable_path/Frameworks",
				);
				PRODUCT_BUNDLE_IDENTIFIER = com.electriccircuits.examples.linearlite;
				SDKROOT = iphoneos;
				SWIFT_VERSION = 6.0;
				TARGETED_DEVICE_FAMILY = "1,2";
			};
			name = Debug;
		};
		98551BED84F2F78925822438 /* Release */ = {
			isa = XCBuildConfiguration;
			buildSettings = {
				ASSETCATALOG_COMPILER_APPICON_NAME = AppIcon;
				CODE_SIGN_IDENTITY = "iPhone Developer";
				INFOPLIST_FILE = Info.plist;
				INFOPLIST_KEY_CFBundleDisplayName = LinearLite;
				INFOPLIST_KEY_LSApplicationCategoryType = "public.app-category.productivity";
				IPHONEOS_DEPLOYMENT_TARGET = 16.0;
				LD_RUNPATH_SEARCH_PATHS = (
					"$(inherited)",
					"@executable_path/Frameworks",
				);
				PRODUCT_BUNDLE_IDENTIFIER = com.electriccircuits.examples.linearlite;
				SDKROOT = iphoneos;
				SWIFT_VERSION = 6.0;
				TARGETED_DEVICE_FAMILY = "1,2";
			};
			name = Release;
		};
		D1D177730ADADDC3D24AD954 /* Debug */ = {
			isa = XCBuildConfiguration;
			buildSettings = {
				ALWAYS_SEARCH_USER_PATHS = NO;
				CLANG_ANALYZER_NONNULL = YES;
				CLANG_ANALYZER_NUMBER_OBJECT_CONVERSION = YES_AGGRESSIVE;
				CLANG_CXX_LANGUAGE_STANDARD = "gnu++14";
				CLANG_CXX_LIBRARY = "libc++";
				CLANG_ENABLE_MODULES = YES;
				CLANG_ENABLE_OBJC_ARC = YES;
				CLANG_ENABLE_OBJC_WEAK = YES;
				CLANG_WARN_BLOCK_CAPTURE_AUTORELEASING = YES;
				CLANG_WARN_BOOL_CONVERSION = YES;
				CLANG_WARN_COMMA = YES;
				CLANG_WARN_CONSTANT_CONVERSION = YES;
				CLANG_WARN_DEPRECATED_OBJC_IMPLEMENTATIONS = YES;
				CLANG_WARN_DIRECT_OBJC_ISA_USAGE = YES_ERROR;
				CLANG_WARN_DOCUMENTATION_COMMENTS = YES;
				CLANG_WARN_EMPTY_BODY = YES;
				CLANG_WARN_ENUM_CONVERSION = YES;
				CLANG_WARN_INFINITE_RECURSION = YES;
				CLANG_WARN_INT_CONVERSION = YES;
				CLANG_WARN_NON_LITERAL_NULL_CONVERSION = YES;
				CLANG_WARN_OBJC_IMPLICIT_RETAIN_SELF = YES;
				CLANG_WARN_OBJC_LITERAL_CONVERSION = YES;
				CLANG_WARN_OBJC_ROOT_CLASS = YES_ERROR;
				CLANG_WARN_QUOTED_INCLUDE_IN_FRAMEWORK_HEADER = YES;
				CLANG_WARN_RANGE_LOOP_ANALYSIS = YES;
				CLANG_WARN_STRICT_PROTOTYPES = YES;
				CLANG_WARN_SUSPICIOUS_MOVE = YES;
				CLANG_WARN_UNGUARDED_AVAILABILITY = YES_AGGRESSIVE;
				CLANG_WARN_UNREACHABLE_CODE = YES;
				CLANG_WARN__DUPLICATE_METHOD_MATCH = YES;
				COPY_PHASE_STRIP = NO;
				DEBUG_INFORMATION_FORMAT = dwarf;
				ENABLE_STRICT_OBJC_MSGSEND = YES;
				ENABLE_TESTABILITY = YES;
				GCC_C_LANGUAGE_STANDARD = gnu11;
				GCC_DYNAMIC_NO_PIC = NO;
				GCC_NO_COMMON_BLOCKS = YES;
				GCC_OPTIMIZATION_LEVEL = 0;
				GCC_PREPROCESSOR_DEFINITIONS = (
					"$(inherited)",
					"DEBUG=1",
				);
				GCC_WARN_64_TO_32_BIT_CONVERSION = YES;
				GCC_WARN_ABOUT_RETURN_TYPE = YES_ERROR;
				GCC_WARN_UNDECLARED_SELECTOR = YES;
				GCC_WARN_UNINITIALIZED_AUTOS = YES_AGGRESSIVE;
				GCC_WARN_UNUSED_FUNCTION = YES;
				GCC_WARN_UNUSED_VARIABLE = YES;
				IPHONEOS_DEPLOYMENT_TARGET = 16.0;
				MTL_ENABLE_DEBUG_INFO = INCLUDE_SOURCE;
				MTL_FAST_MATH = YES;
				ONLY_ACTIVE_ARCH = YES;
				PRODUCT_NAME = "$(TARGET_NAME)";
				SDKROOT = iphoneos;
				SWIFT_ACTIVE_COMPILATION_CONDITIONS = DEBUG;
				SWIFT_OPTIMIZATION_LEVEL = "-Onone";
				SWIFT_VERSION = 5.0;
			};
			name = Debug;
		};
		DEC86FA735868FA9491B14DF /* Release */ = {
			isa = XCBuildConfiguration;
			buildSettings = {
				ALWAYS_SEARCH_USER_PATHS = NO;
				CLANG_ANALYZER_NONNULL = YES;
				CLANG_ANALYZER_NUMBER_OBJECT_CONVERSION = YES_AGGRESSIVE;
				CLANG_CXX_LANGUAGE_STANDARD = "gnu++14";
				CLANG_CXX_LIBRARY = "libc++";
				CLANG_ENABLE_MODULES = YES;
				CLANG_ENABLE_OBJC_ARC = YES;
				CLANG_ENABLE_OBJC_WEAK = YES;
				CLANG_WARN_BLOCK_CAPTURE_AUTORELEASING = YES;
				CLANG_WARN_BOOL_CONVERSION = YES;
				CLANG_WARN_COMMA = YES;
				CLANG_WARN_CONSTANT_CONVERSION = YES;
				CLANG_WARN_DEPRECATED_OBJC_IMPLEMENTATIONS = YES;
				CLANG_WARN_DIRECT_OBJC_ISA_USAGE = YES_ERROR;
				CLANG_WARN_DOCUMENTATION_COMMENTS = YES;
				CLANG_WARN_EMPTY_BODY = YES;
				CLANG_WARN_ENUM_CONVERSION = YES;
				CLANG_WARN_INFINITE_RECURSION = YES;
				CLANG_WARN_INT_CONVERSION = YES;
				CLANG_WARN_NON_LITERAL_NULL_CONVERSION = YES;
				CLANG_WARN_OBJC_IMPLICIT_RETAIN_SELF = YES;
				CLANG_WARN_OBJC_LITERAL_CONVERSION = YES;
				CLANG_WARN_OBJC_ROOT_CLASS = YES_ERROR;
				CLANG_WARN_QUOTED_INCLUDE_IN_FRAMEWORK_HEADER = YES;
				CLANG_WARN_RANGE_LOOP_ANALYSIS = YES;
				CLANG_WARN_STRICT_PROTOTYPES = YES;
				CLANG_WARN_SUSPICIOUS_MOVE = YES;
				CLANG_WARN_UNGUARDED_AVAILABILITY = YES_AGGRESSIVE;
				CLANG_WARN_UNREACHABLE_CODE = YES;
				CLANG_WARN__DUPLICATE_METHOD_MATCH = YES;
				COPY_PHASE_STRIP = NO;
				DEBUG_INFORMATION_FORMAT = "dwarf-with-dsym";
				ENABLE_NS_ASSERTIONS = NO;
				ENABLE_STRICT_OBJC_MSGSEND = YES;
				GCC_C_LANGUAGE_STANDARD = gnu11;
				GCC_NO_COMMON_BLOCKS = YES;
				GCC_WARN_64_TO_32_BIT_CONVERSION = YES;
				GCC_WARN_ABOUT_RETURN_TYPE = YES_ERROR;
				GCC_WARN_UNDECLARED_SELECTOR = YES;
				GCC_WARN_UNINITIALIZED_AUTOS = YES_AGGRESSIVE;
				GCC_WARN_UNUSED_FUNCTION = YES;
				GCC_WARN_UNUSED_VARIABLE = YES;
				IPHONEOS_DEPLOYMENT_TARGET = 16.0;
				MTL_ENABLE_DEBUG_INFO = NO;
				MTL_FAST_MATH = YES;
				PRODUCT_NAME = "$(TARGET_NAME)";
				SDKROOT = iphoneos;
				SWIFT_COMPILATION_MODE = wholemodule;
				SWIFT_OPTIMIZATION_LEVEL = "-O";
				SWIFT_VERSION = 5.0;
			};
			name = Release;
		};
/* End XCBuildConfiguration section */

/* Begin XCConfigurationList section */
		15F0D422CAE55FD00181E4D2 /* Build configuration list for PBXNativeTarget "LinearLiteHost" */ = {
			isa = XCConfigurationList;
			buildConfigurations = (
				24326D45DBC7D7913A510930 /* Debug */,
				98551BED84F2F78925822438 /* Release */,
			);
			defaultConfigurationIsVisible = 0;
			defaultConfigurationName = Debug;
		};
		97FA924D8653C14C8B457FE9 /* Build configuration list for PBXProject "LinearLiteHost" */ = {
			isa = XCConfigurationList;
			buildConfigurations = (
				D1D177730ADADDC3D24AD954 /* Debug */,
				DEC86FA735868FA9491B14DF /* Release */,
			);
			defaultConfigurationIsVisible = 0;
			defaultConfigurationName = Debug;
		};
/* End XCConfigurationList section */

/* Begin XCLocalSwiftPackageReference section */
		8E889AC4CF240FCA45DBA957 /* XCLocalSwiftPackageReference ".." */ = {
			isa = XCLocalSwiftPackageReference;
			relativePath = ..;
		};
/* End XCLocalSwiftPackageReference section */

/* Begin XCSwiftPackageProductDependency section */
		169D5E058E07A4B329850D20 /* LinearLiteApp */ = {
			isa = XCSwiftPackageProductDependency;
			productName = LinearLiteApp;
		};
/* End XCSwiftPackageProductDependency section */
	};
	rootObject = 7F06D7E3BA9CDE4DCF583AFB /* Project object */;
}
